// !$*UTF8*$!
{
	archiveVersion = 1;
	classes = {
	};
	objectVersion = 50;
	objects = {

/* Begin PBXBuildFile section */
		03139E7525B2D616008B4BC9 /* PokemonModel.swift in Sources */ = {isa = PBXBuildFile; fileRef = 03139E7325B2D616008B4BC9 /* PokemonModel.swift */; };
		03139E7625B2D616008B4BC9 /* PokeListVC.swift in Sources */ = {isa = PBXBuildFile; fileRef = 03139E7425B2D616008B4BC9 /* PokeListVC.swift */; };
		03139E7A25B2D759008B4BC9 /* UIAnchor+ext.swift in Sources */ = {isa = PBXBuildFile; fileRef = 03139E7925B2D759008B4BC9 /* UIAnchor+ext.swift */; };
		03139E8225B5369A008B4BC9 /* PokeDetailsView.swift in Sources */ = {isa = PBXBuildFile; fileRef = 03139E8125B5369A008B4BC9 /* PokeDetailsView.swift */; };
		03139E8625B53E92008B4BC9 /* PokeDetailsVC.swift in Sources */ = {isa = PBXBuildFile; fileRef = 03139E8525B53E92008B4BC9 /* PokeDetailsVC.swift */; };
		03139E8925B5403C008B4BC9 /* PokeDetailsModel.swift in Sources */ = {isa = PBXBuildFile; fileRef = 03139E8825B5403C008B4BC9 /* PokeDetailsModel.swift */; };
		039D544525B147DB00679F9B /* AppDelegate.swift in Sources */ = {isa = PBXBuildFile; fileRef = 039D544425B147DB00679F9B /* AppDelegate.swift */; };
		039D544725B147DB00679F9B /* SceneDelegate.swift in Sources */ = {isa = PBXBuildFile; fileRef = 039D544625B147DB00679F9B /* SceneDelegate.swift */; };
		039D544925B147DB00679F9B /* ViewController.swift in Sources */ = {isa = PBXBuildFile; fileRef = 039D544825B147DB00679F9B /* ViewController.swift */; };
		039D544E25B147DB00679F9B /* Assets.xcassets in Resources */ = {isa = PBXBuildFile; fileRef = 039D544D25B147DB00679F9B /* Assets.xcassets */; };
		039D545125B147DC00679F9B /* LaunchScreen.storyboard in Resources */ = {isa = PBXBuildFile; fileRef = 039D544F25B147DC00679F9B /* LaunchScreen.storyboard */; };
		039D545C25B1483600679F9B /* MainView.swift in Sources */ = {isa = PBXBuildFile; fileRef = 039D545B25B1483600679F9B /* MainView.swift */; };
		039D545F25B1484B00679F9B /* MainVC.swift in Sources */ = {isa = PBXBuildFile; fileRef = 039D545E25B1484B00679F9B /* MainVC.swift */; };
		937A9812D4437F7272C63D0A /* Pods_PokeDex.framework in Frameworks */ = {isa = PBXBuildFile; fileRef = 86E3C94B40AE24E3E578029D /* Pods_PokeDex.framework */; };
/* End PBXBuildFile section */

/* Begin PBXFileReference section */
		03139E7325B2D616008B4BC9 /* PokemonModel.swift */ = {isa = PBXFileReference; fileEncoding = 4; lastKnownFileType = sourcecode.swift; path = PokemonModel.swift; sourceTree = "<group>"; };
		03139E7425B2D616008B4BC9 /* PokeListVC.swift */ = {isa = PBXFileReference; fileEncoding = 4; lastKnownFileType = sourcecode.swift; path = PokeListVC.swift; sourceTree = "<group>"; };
		03139E7925B2D759008B4BC9 /* UIAnchor+ext.swift */ = {isa = PBXFileReference; lastKnownFileType = sourcecode.swift; path = "UIAnchor+ext.swift"; sourceTree = "<group>"; };
		03139E8125B5369A008B4BC9 /* PokeDetailsView.swift */ = {isa = PBXFileReference; lastKnownFileType = sourcecode.swift; path = PokeDetailsView.swift; sourceTree = "<group>"; };
		03139E8525B53E92008B4BC9 /* PokeDetailsVC.swift */ = {isa = PBXFileReference; lastKnownFileType = sourcecode.swift; path = PokeDetailsVC.swift; sourceTree = "<group>"; };
		03139E8825B5403C008B4BC9 /* PokeDetailsModel.swift */ = {isa = PBXFileReference; lastKnownFileType = sourcecode.swift; path = PokeDetailsModel.swift; sourceTree = "<group>"; };
		039D544125B147DB00679F9B /* PokeDex.app */ = {isa = PBXFileReference; explicitFileType = wrapper.application; includeInIndex = 0; path = PokeDex.app; sourceTree = BUILT_PRODUCTS_DIR; };
		039D544425B147DB00679F9B /* AppDelegate.swift */ = {isa = PBXFileReference; lastKnownFileType = sourcecode.swift; path = AppDelegate.swift; sourceTree = "<group>"; };
		039D544625B147DB00679F9B /* SceneDelegate.swift */ = {isa = PBXFileReference; lastKnownFileType = sourcecode.swift; path = SceneDelegate.swift; sourceTree = "<group>"; };
		039D544825B147DB00679F9B /* ViewController.swift */ = {isa = PBXFileReference; lastKnownFileType = sourcecode.swift; path = ViewController.swift; sourceTree = "<group>"; };
		039D544D25B147DB00679F9B /* Assets.xcassets */ = {isa = PBXFileReference; lastKnownFileType = folder.assetcatalog; path = Assets.xcassets; sourceTree = "<group>"; };
		039D545025B147DC00679F9B /* Base */ = {isa = PBXFileReference; lastKnownFileType = file.storyboard; name = Base; path = Base.lproj/LaunchScreen.storyboard; sourceTree = "<group>"; };
		039D545225B147DC00679F9B /* Info.plist */ = {isa = PBXFileReference; lastKnownFileType = text.plist.xml; path = Info.plist; sourceTree = "<group>"; };
		039D545B25B1483600679F9B /* MainView.swift */ = {isa = PBXFileReference; lastKnownFileType = sourcecode.swift; path = MainView.swift; sourceTree = "<group>"; };
		039D545E25B1484B00679F9B /* MainVC.swift */ = {isa = PBXFileReference; lastKnownFileType = sourcecode.swift; path = MainVC.swift; sourceTree = "<group>"; };
		2B6E8E6934697B845503F2CC /* Pods-PokeDex.release.xcconfig */ = {isa = PBXFileReference; includeInIndex = 1; lastKnownFileType = text.xcconfig; name = "Pods-PokeDex.release.xcconfig"; path = "Target Support Files/Pods-PokeDex/Pods-PokeDex.release.xcconfig"; sourceTree = "<group>"; };
		86E3C94B40AE24E3E578029D /* Pods_PokeDex.framework */ = {isa = PBXFileReference; explicitFileType = wrapper.framework; includeInIndex = 0; path = Pods_PokeDex.framework; sourceTree = BUILT_PRODUCTS_DIR; };
		99CFE8BCD3BA05E4BDF2E94C /* Pods-PokeDex.debug.xcconfig */ = {isa = PBXFileReference; includeInIndex = 1; lastKnownFileType = text.xcconfig; name = "Pods-PokeDex.debug.xcconfig"; path = "Target Support Files/Pods-PokeDex/Pods-PokeDex.debug.xcconfig"; sourceTree = "<group>"; };
/* End PBXFileReference section */

/* Begin PBXFrameworksBuildPhase section */
		039D543E25B147DA00679F9B /* Frameworks */ = {
			isa = PBXFrameworksBuildPhase;
			buildActionMask = 2147483647;
			files = (
				937A9812D4437F7272C63D0A /* Pods_PokeDex.framework in Frameworks */,
			);
			runOnlyForDeploymentPostprocessing = 0;
		};
/* End PBXFrameworksBuildPhase section */

/* Begin PBXGroup section */
		03139E7825B2D736008B4BC9 /* Utils */ = {
			isa = PBXGroup;
			children = (
				03139E7925B2D759008B4BC9 /* UIAnchor+ext.swift */,
			);
			path = Utils;
			sourceTree = "<group>";
		};
		03139E7E25B5354A008B4BC9 /* PokeListVC */ = {
			isa = PBXGroup;
			children = (
				03139E7425B2D616008B4BC9 /* PokeListVC.swift */,
				03139E7325B2D616008B4BC9 /* PokemonModel.swift */,
			);
			path = PokeListVC;
			sourceTree = "<group>";
		};
		03139E8025B53671008B4BC9 /* PokemonDetails */ = {
			isa = PBXGroup;
			children = (
				03139E8125B5369A008B4BC9 /* PokeDetailsView.swift */,
				03139E8525B53E92008B4BC9 /* PokeDetailsVC.swift */,
				03139E8825B5403C008B4BC9 /* PokeDetailsModel.swift */,
			);
			path = PokemonDetails;
			sourceTree = "<group>";
		};
		039D543825B147DA00679F9B = {
			isa = PBXGroup;
			children = (
				039D544325B147DB00679F9B /* PokeDex */,
				039D544225B147DB00679F9B /* Products */,
				DB8F9CCE6DB6924FD4D7FEA0 /* Pods */,
				D97BEFB26411050D26C5A92B /* Frameworks */,
			);
			sourceTree = "<group>";
		};
		039D544225B147DB00679F9B /* Products */ = {
			isa = PBXGroup;
			children = (
				039D544125B147DB00679F9B /* PokeDex.app */,
			);
			name = Products;
			sourceTree = "<group>";
		};
		039D544325B147DB00679F9B /* PokeDex */ = {
			isa = PBXGroup;
			children = (
				03139E8025B53671008B4BC9 /* PokemonDetails */,
				03139E7E25B5354A008B4BC9 /* PokeListVC */,
				03139E7825B2D736008B4BC9 /* Utils */,
				039D545A25B1481500679F9B /* MainPage */,
				039D544425B147DB00679F9B /* AppDelegate.swift */,
				039D544625B147DB00679F9B /* SceneDelegate.swift */,
				039D544825B147DB00679F9B /* ViewController.swift */,
				039D544D25B147DB00679F9B /* Assets.xcassets */,
				039D544F25B147DC00679F9B /* LaunchScreen.storyboard */,
				039D545225B147DC00679F9B /* Info.plist */,
			);
			path = PokeDex;
			sourceTree = "<group>";
		};
		039D545A25B1481500679F9B /* MainPage */ = {
			isa = PBXGroup;
			children = (
				039D545B25B1483600679F9B /* MainView.swift */,
				039D545E25B1484B00679F9B /* MainVC.swift */,
			);
			path = MainPage;
			sourceTree = "<group>";
		};
		D97BEFB26411050D26C5A92B /* Frameworks */ = {
			isa = PBXGroup;
			children = (
				86E3C94B40AE24E3E578029D /* Pods_PokeDex.framework */,
			);
			name = Frameworks;
			sourceTree = "<group>";
		};
		DB8F9CCE6DB6924FD4D7FEA0 /* Pods */ = {
			isa = PBXGroup;
			children = (
				99CFE8BCD3BA05E4BDF2E94C /* Pods-PokeDex.debug.xcconfig */,
				2B6E8E6934697B845503F2CC /* Pods-PokeDex.release.xcconfig */,
			);
			name = Pods;
			path = Pods;
			sourceTree = "<group>";
		};
/* End PBXGroup section */

/* Begin PBXNativeTarget section */
		039D544025B147DA00679F9B /* PokeDex */ = {
			isa = PBXNativeTarget;
			buildConfigurationList = 039D545525B147DC00679F9B /* Build configuration list for PBXNativeTarget "PokeDex" */;
			buildPhases = (
				6C6D6626294D774BD296A8EB /* [CP] Check Pods Manifest.lock */,
				039D543D25B147DA00679F9B /* Sources */,
				039D543E25B147DA00679F9B /* Frameworks */,
				039D543F25B147DA00679F9B /* Resources */,
				F9971BFA0FCD35A039D52EAE /* [CP] Embed Pods Frameworks */,
			);
			buildRules = (
			);
			dependencies = (
			);
			name = PokeDex;
			productName = PokeDex;
			productReference = 039D544125B147DB00679F9B /* PokeDex.app */;
			productType = "com.apple.product-type.application";
		};
/* End PBXNativeTarget section */

/* Begin PBXProject section */
		039D543925B147DA00679F9B /* Project object */ = {
			isa = PBXProject;
			attributes = {
				LastSwiftUpdateCheck = 1220;
				LastUpgradeCheck = 1220;
				TargetAttributes = {
					039D544025B147DA00679F9B = {
						CreatedOnToolsVersion = 12.2;
					};
				};
			};
			buildConfigurationList = 039D543C25B147DA00679F9B /* Build configuration list for PBXProject "PokeDex" */;
			compatibilityVersion = "Xcode 9.3";
			developmentRegion = en;
			hasScannedForEncodings = 0;
			knownRegions = (
				en,
				Base,
			);
			mainGroup = 039D543825B147DA00679F9B;
			productRefGroup = 039D544225B147DB00679F9B /* Products */;
			projectDirPath = "";
			projectRoot = "";
			targets = (
				039D544025B147DA00679F9B /* PokeDex */,
			);
		};
/* End PBXProject section */

/* Begin PBXResourcesBuildPhase section */
		039D543F25B147DA00679F9B /* Resources */ = {
			isa = PBXResourcesBuildPhase;
			buildActionMask = 2147483647;
			files = (
				039D545125B147DC00679F9B /* LaunchScreen.storyboard in Resources */,
				039D544E25B147DB00679F9B /* Assets.xcassets in Resources */,
			);
			runOnlyForDeploymentPostprocessing = 0;
		};
/* End PBXResourcesBuildPhase section */

/* Begin PBXShellScriptBuildPhase section */
		6C6D6626294D774BD296A8EB /* [CP] Check Pods Manifest.lock */ = {
			isa = PBXShellScriptBuildPhase;
			buildActionMask = 2147483647;
			files = (
			);
			inputFileListPaths = (
			);
			inputPaths = (
				"${PODS_PODFILE_DIR_PATH}/Podfile.lock",
				"${PODS_ROOT}/Manifest.lock",
			);
			name = "[CP] Check Pods Manifest.lock";
			outputFileListPaths = (
			);
			outputPaths = (
				"$(DERIVED_FILE_DIR)/Pods-PokeDex-checkManifestLockResult.txt",
			);
			runOnlyForDeploymentPostprocessing = 0;
			shellPath = /bin/sh;
			shellScript = "diff \"${PODS_PODFILE_DIR_PATH}/Podfile.lock\" \"${PODS_ROOT}/Manifest.lock\" > /dev/null\nif [ $? != 0 ] ; then\n    # print error to STDERR\n    echo \"error: The sandbox is not in sync with the Podfile.lock. Run 'pod install' or update your CocoaPods installation.\" >&2\n    exit 1\nfi\n# This output is used by Xcode 'outputs' to avoid re-running this script phase.\necho \"SUCCESS\" > \"${SCRIPT_OUTPUT_FILE_0}\"\n";
			showEnvVarsInLog = 0;
		};
		F9971BFA0FCD35A039D52EAE /* [CP] Embed Pods Frameworks */ = {
			isa = PBXShellScriptBuildPhase;
			buildActionMask = 2147483647;
			files = (
			);
			inputFileListPaths = (
				"${PODS_ROOT}/Target Support Files/Pods-PokeDex/Pods-PokeDex-frameworks-${CONFIGURATION}-input-files.xcfilelist",
			);
			name = "[CP] Embed Pods Frameworks";
			outputFileListPaths = (
				"${PODS_ROOT}/Target Support Files/Pods-PokeDex/Pods-PokeDex-frameworks-${CONFIGURATION}-output-files.xcfilelist",
			);
			runOnlyForDeploymentPostprocessing = 0;
			shellPath = /bin/sh;
			shellScript = "\"${PODS_ROOT}/Target Support Files/Pods-PokeDex/Pods-PokeDex-frameworks.sh\"\n";
			showEnvVarsInLog = 0;
		};
/* End PBXShellScriptBuildPhase section */

/* Begin PBXSourcesBuildPhase section */
		039D543D25B147DA00679F9B /* Sources */ = {
			isa = PBXSourcesBuildPhase;
			buildActionMask = 2147483647;
			files = (
				039D544925B147DB00679F9B /* ViewController.swift in Sources */,
				03139E7525B2D616008B4BC9 /* PokemonModel.swift in Sources */,
				03139E8925B5403C008B4BC9 /* PokeDetailsModel.swift in Sources */,
				03139E7A25B2D759008B4BC9 /* UIAnchor+ext.swift in Sources */,
				039D545F25B1484B00679F9B /* MainVC.swift in Sources */,
				03139E7625B2D616008B4BC9 /* PokeListVC.swift in Sources */,
				039D545C25B1483600679F9B /* MainView.swift in Sources */,
				03139E8625B53E92008B4BC9 /* PokeDetailsVC.swift in Sources */,
				039D544525B147DB00679F9B /* AppDelegate.swift in Sources */,
				039D544725B147DB00679F9B /* SceneDelegate.swift in Sources */,
				03139E8225B5369A008B4BC9 /* PokeDetailsView.swift in Sources */,
			);
			runOnlyForDeploymentPostprocessing = 0;
		};
/* End PBXSourcesBuildPhase section */

/* Begin PBXVariantGroup section */
		039D544F25B147DC00679F9B /* LaunchScreen.storyboard */ = {
			isa = PBXVariantGroup;
			children = (
				039D545025B147DC00679F9B /* Base */,
			);
			name = LaunchScreen.storyboard;
			sourceTree = "<group>";
		};
/* End PBXVariantGroup section */

/* Begin XCBuildConfiguration section */
		039D545325B147DC00679F9B /* Debug */ = {
			isa = XCBuildConfiguration;
			buildSettings = {
				ALWAYS_SEARCH_USER_PATHS = NO;
				CLANG_ANALYZER_NONNULL = YES;
				CLANG_ANALYZER_NUMBER_OBJECT_CONVERSION = YES_AGGRESSIVE;
				CLANG_CXX_LANGUAGE_STANDARD = "gnu++14";
				CLANG_CXX_LIBRARY = "libc++";
				CLANG_ENABLE_MODULES = YES;
				CLANG_ENABLE_OBJC_ARC = YES;
				CLANG_ENABLE_OBJC_WEAK = YES;
				CLANG_WARN_BLOCK_CAPTURE_AUTORELEASING = YES;
				CLANG_WARN_BOOL_CONVERSION = YES;
				CLANG_WARN_COMMA = YES;
				CLANG_WARN_CONSTANT_CONVERSION = YES;
				CLANG_WARN_DEPRECATED_OBJC_IMPLEMENTATIONS = YES;
				CLANG_WARN_DIRECT_OBJC_ISA_USAGE = YES_ERROR;
				CLANG_WARN_DOCUMENTATION_COMMENTS = YES;
				CLANG_WARN_EMPTY_BODY = YES;
				CLANG_WARN_ENUM_CONVERSION = YES;
				CLANG_WARN_INFINITE_RECURSION = YES;
				CLANG_WARN_INT_CONVERSION = YES;
				CLANG_WARN_NON_LITERAL_NULL_CONVERSION = YES;
				CLANG_WARN_OBJC_IMPLICIT_RETAIN_SELF = YES;
				CLANG_WARN_OBJC_LITERAL_CONVERSION = YES;
				CLANG_WARN_OBJC_ROOT_CLASS = YES_ERROR;
				CLANG_WARN_QUOTED_INCLUDE_IN_FRAMEWORK_HEADER = YES;
				CLANG_WARN_RANGE_LOOP_ANALYSIS = YES;
				CLANG_WARN_STRICT_PROTOTYPES = YES;
				CLANG_WARN_SUSPICIOUS_MOVE = YES;
				CLANG_WARN_UNGUARDED_AVAILABILITY = YES_AGGRESSIVE;
				CLANG_WARN_UNREACHABLE_CODE = YES;
				CLANG_WARN__DUPLICATE_METHOD_MATCH = YES;
				COPY_PHASE_STRIP = NO;
				DEBUG_INFORMATION_FORMAT = dwarf;
				ENABLE_STRICT_OBJC_MSGSEND = YES;
				ENABLE_TESTABILITY = YES;
				GCC_C_LANGUAGE_STANDARD = gnu11;
				GCC_DYNAMIC_NO_PIC = NO;
				GCC_NO_COMMON_BLOCKS = YES;
				GCC_OPTIMIZATION_LEVEL = 0;
				GCC_PREPROCESSOR_DEFINITIONS = (
					"DEBUG=1",
					"$(inherited)",
				);
				GCC_WARN_64_TO_32_BIT_CONVERSION = YES;
				GCC_WARN_ABOUT_RETURN_TYPE = YES_ERROR;
				GCC_WARN_UNDECLARED_SELECTOR = YES;
				GCC_WARN_UNINITIALIZED_AUTOS = YES_AGGRESSIVE;
				GCC_WARN_UNUSED_FUNCTION = YES;
				GCC_WARN_UNUSED_VARIABLE = YES;
				IPHONEOS_DEPLOYMENT_TARGET = 14.2;
				MTL_ENABLE_DEBUG_INFO = INCLUDE_SOURCE;
				MTL_FAST_MATH = YES;
				ONLY_ACTIVE_ARCH = YES;
				SDKROOT = iphoneos;
				SWIFT_ACTIVE_COMPILATION_CONDITIONS = DEBUG;
				SWIFT_OPTIMIZATION_LEVEL = "-Onone";
			};
			name = Debug;
		};
		039D545425B147DC00679F9B /* Release */ = {
			isa = XCBuildConfiguration;
			buildSettings = {
				ALWAYS_SEARCH_USER_PATHS = NO;
				CLANG_ANALYZER_NONNULL = YES;
				CLANG_ANALYZER_NUMBER_OBJECT_CONVERSION = YES_AGGRESSIVE;
				CLANG_CXX_LANGUAGE_STANDARD = "gnu++14";
				CLANG_CXX_LIBRARY = "libc++";
				CLANG_ENABLE_MODULES = YES;
				CLANG_ENABLE_OBJC_ARC = YES;
				CLANG_ENABLE_OBJC_WEAK = YES;
				CLANG_WARN_BLOCK_CAPTURE_AUTORELEASING = YES;
				CLANG_WARN_BOOL_CONVERSION = YES;
				CLANG_WARN_COMMA = YES;
				CLANG_WARN_CONSTANT_CONVERSION = YES;
				CLANG_WARN_DEPRECATED_OBJC_IMPLEMENTATIONS = YES;
				CLANG_WARN_DIRECT_OBJC_ISA_USAGE = YES_ERROR;
				CLANG_WARN_DOCUMENTATION_COMMENTS = YES;
				CLANG_WARN_EMPTY_BODY = YES;
				CLANG_WARN_ENUM_CONVERSION = YES;
				CLANG_WARN_INFINITE_RECURSION = YES;
				CLANG_WARN_INT_CONVERSION = YES;
				CLANG_WARN_NON_LITERAL_NULL_CONVERSION = YES;
				CLANG_WARN_OBJC_IMPLICIT_RETAIN_SELF = YES;
				CLANG_WARN_OBJC_LITERAL_CONVERSION = YES;
				CLANG_WARN_OBJC_ROOT_CLASS = YES_ERROR;
				CLANG_WARN_QUOTED_INCLUDE_IN_FRAMEWORK_HEADER = YES;
				CLANG_WARN_RANGE_LOOP_ANALYSIS = YES;
				CLANG_WARN_STRICT_PROTOTYPES = YES;
				CLANG_WARN_SUSPICIOUS_MOVE = YES;
				CLANG_WARN_UNGUARDED_AVAILABILITY = YES_AGGRESSIVE;
				CLANG_WARN_UNREACHABLE_CODE = YES;
				CLANG_WARN__DUPLICATE_METHOD_MATCH = YES;
				COPY_PHASE_STRIP = NO;
				DEBUG_INFORMATION_FORMAT = "dwarf-with-dsym";
				ENABLE_NS_ASSERTIONS = NO;
				ENABLE_STRICT_OBJC_MSGSEND = YES;
				GCC_C_LANGUAGE_STANDARD = gnu11;
				GCC_NO_COMMON_BLOCKS = YES;
				GCC_WARN_64_TO_32_BIT_CONVERSION = YES;
				GCC_WARN_ABOUT_RETURN_TYPE = YES_ERROR;
				GCC_WARN_UNDECLARED_SELECTOR = YES;
				GCC_WARN_UNINITIALIZED_AUTOS = YES_AGGRESSIVE;
				GCC_WARN_UNUSED_FUNCTION = YES;
				GCC_WARN_UNUSED_VARIABLE = YES;
				IPHONEOS_DEPLOYMENT_TARGET = 14.2;
				MTL_ENABLE_DEBUG_INFO = NO;
				MTL_FAST_MATH = YES;
				SDKROOT = iphoneos;
				SWIFT_COMPILATION_MODE = wholemodule;
				SWIFT_OPTIMIZATION_LEVEL = "-O";
				VALIDATE_PRODUCT = YES;
			};
			name = Release;
		};
		039D545625B147DC00679F9B /* Debug */ = {
			isa = XCBuildConfiguration;
			baseConfigurationReference = 99CFE8BCD3BA05E4BDF2E94C /* Pods-PokeDex.debug.xcconfig */;
			buildSettings = {
				ASSETCATALOG_COMPILER_APPICON_NAME = AppIcon;
				ASSETCATALOG_COMPILER_GLOBAL_ACCENT_COLOR_NAME = AccentColor;
				CODE_SIGN_STYLE = Automatic;
				DEVELOPMENT_TEAM = PV9SRDAQY6;
				INFOPLIST_FILE = PokeDex/Info.plist;
				LD_RUNPATH_SEARCH_PATHS = (
					"$(inherited)",
					"@executable_path/Frameworks",
				);
				PRODUCT_BUNDLE_IDENTIFIER = com.shreeya.socalledinsta.PokeDex;
				PRODUCT_NAME = "$(TARGET_NAME)";
				SWIFT_VERSION = 5.0;
				TARGETED_DEVICE_FAMILY = "1,2";
			};
			name = Debug;
		};
		039D545725B147DC00679F9B /* Release */ = {
			isa = XCBuildConfiguration;
			baseConfigurationReference = 2B6E8E6934697B845503F2CC /* Pods-PokeDex.release.xcconfig */;
			buildSettings = {
				ASSETCATALOG_COMPILER_APPICON_NAME = AppIcon;
				ASSETCATALOG_COMPILER_GLOBAL_ACCENT_COLOR_NAME = AccentColor;
				CODE_SIGN_STYLE = Automatic;
				DEVELOPMENT_TEAM = PV9SRDAQY6;
				INFOPLIST_FILE = PokeDex/Info.plist;
				LD_RUNPATH_SEARCH_PATHS = (
					"$(inherited)",
					"@executable_path/Frameworks",
				);
				PRODUCT_BUNDLE_IDENTIFIER = com.shreeya.socalledinsta.PokeDex;
				PRODUCT_NAME = "$(TARGET_NAME)";
				SWIFT_VERSION = 5.0;
				TARGETED_DEVICE_FAMILY = "1,2";
			};
			name = Release;
		};
/* End XCBuildConfiguration section */

/* Begin XCConfigurationList section */
		039D543C25B147DA00679F9B /* Build configuration list for PBXProject "PokeDex" */ = {
			isa = XCConfigurationList;
			buildConfigurations = (
				039D545325B147DC00679F9B /* Debug */,
				039D545425B147DC00679F9B /* Release */,
			);
			defaultConfigurationIsVisible = 0;
			defaultConfigurationName = Release;
		};
		039D545525B147DC00679F9B /* Build configuration list for PBXNativeTarget "PokeDex" */ = {
			isa = XCConfigurationList;
			buildConfigurations = (
				039D545625B147DC00679F9B /* Debug */,
				039D545725B147DC00679F9B /* Release */,
			);
			defaultConfigurationIsVisible = 0;
			defaultConfigurationName = Release;
		};
/* End XCConfigurationList section */
	};
	rootObject = 039D543925B147DA00679F9B /* Project object */;
}
